
Microsoft Visual Studio Solution File, Format Version 12.00
# Visual Studio Version 17
VisualStudioVersion = 17.1.32328.378
MinimumVisualStudioVersion = 10.0.40219.1
Project("{9A19103F-16F7-4668-BE54-9A1E7A4F7556}") = "_00_UnitTestProofConcept", "_00_UnitTestProofConcept.csproj", "{E52E9B69-2954-40D0-8253-BFCBA95E5445}"
EndProject
Project("{FAE04EC0-301F-11D3-BF4B-00C04F79EFBC}") = "_01_fauxNetworkUtil", "..\_01_fauxNetworkUtil\_01_fauxNetworkUtil.csproj", "{61642B4D-5379-486E-A393-8FD6E9D553E2}"
EndProject
Global
	GlobalSection(SolutionConfigurationPlatforms) = preSolution
		Debug|Any CPU = Debug|Any CPU
		Release|Any CPU = Release|Any CPU
	EndGlobalSection
	GlobalSection(ProjectConfigurationPlatforms) = postSolution
		{E52E9B69-2954-40D0-8253-BFCBA95E5445}.Debug|Any CPU.ActiveCfg = Debug|Any CPU
		{E52E9B69-2954-40D0-8253-BFCBA95E5445}.Debug|Any CPU.Build.0 = Debug|Any CPU
		{E52E9B69-2954-40D0-8253-BFCBA95E5445}.Release|Any CPU.ActiveCfg = Release|Any CPU
		{E52E9B69-2954-40D0-8253-BFCBA95E5445}.Release|Any CPU.Build.0 = Release|Any CPU
		{61642B4D-5379-486E-A393-8FD6E9D553E2}.Debug|Any CPU.ActiveCfg = Debug|Any CPU
		{61642B4D-5379-486E-A393-8FD6E9D553E2}.Debug|Any CPU.Build.0 = Debug|Any CPU
		{61642B4D-5379-486E-A393-8FD6E9D553E2}.Release|Any CPU.ActiveCfg = Release|Any CPU
		{61642B4D-5379-486E-A393-8FD6E9D553E2}.Release|Any CPU.Build.0 = Release|Any CPU
	EndGlobalSection
	GlobalSection(SolutionProperties) = preSolution
		HideSolutionNode = FALSE
	EndGlobalSection
	GlobalSection(ExtensibilityGlobals) = postSolution
		SolutionGuid = {BDD019BE-C598-4CC5-BA63-7434656D27DB}
	EndGlobalSection
EndGlobal
